
Microsoft Visual Studio Solution File, Format Version 12.00
# Visual Studio 15
VisualStudioVersion = 15.0.28307.757
MinimumVisualStudioVersion = 10.0.40219.1
Project("{159641D6-6404-4A2A-AE62-294DE0FE8301}") = "Lesson1", "Lesson1\Lesson1.dtproj", "{A0BE1B29-315E-4D81-AAD8-83DA59252BAB}"
EndProject
Global
	GlobalSection(SolutionConfigurationPlatforms) = preSolution
		Development|Default = Development|Default
	EndGlobalSection
	GlobalSection(ProjectConfigurationPlatforms) = postSolution
		{A0BE1B29-315E-4D81-AAD8-83DA59252BAB}.Development|Default.ActiveCfg = Development
		{A0BE1B29-315E-4D81-AAD8-83DA59252BAB}.Development|Default.Build.0 = Development
	EndGlobalSection
	GlobalSection(SolutionProperties) = preSolution
		HideSolutionNode = FALSE
	EndGlobalSection
	GlobalSection(ExtensibilityGlobals) = postSolution
		SolutionGuid = {7606B3C7-F747-4D6E-B23C-28EEC05074A3}
	EndGlobalSection
EndGlobal
